PODS:
  - baidu_location (0.0.1):
    - BMKLocationKit
    - Flutter
  - BMKLocationKit (1.4.0)
  - Flutter (1.0.0)
  - jaemobird_permissions (0.0.1):
    - Flutter
  - JCore (1.2.6)
  - JPush (3.1.2):
    - JCore (~> 1.2.6)

DEPENDENCIES:
  - baidu_location (from `.symlinks/plugins/baidu_location/ios`)
  - Flutter (from `.symlinks/flutter/ios-release`)
  - jaemobird_permissions (from `.symlinks/plugins/jaemobird_permissions/ios`)
  - JPush

SPEC REPOS:
  https://github.com/cocoapods/specs.git:
    - BMKLocationKit
    - JCore
    - JPush

EXTERNAL SOURCES:
  baidu_location:
    :path: ".symlinks/plugins/baidu_location/ios"
  Flutter:
    :path: ".symlinks/flutter/ios-release"
  jaemobird_permissions:
    :path: ".symlinks/plugins/jaemobird_permissions/ios"

SPEC CHECKSUMS:
  baidu_location: 168c062efce9bf33fb9ed204c6ed3b86f1d6c3b2
  BMKLocationKit: ca1343eea19b2f2e999d1ad51bd6a1f1220f3456
  Flutter: 58dd7d1b27887414a370fcccb9e645c08ffd7a6a
  jaemobird_permissions: b9ced5d88599142e2208708fd200fb046e1daa12
  JCore: cae516dd2bf1a73b578ce6e1065abd49e709e0f7
  JPush: d0cead70ba223a6a3b52749899ebda830dfbc49a

PODFILE CHECKSUM: ff8bb3944d424314e7a090a73ce3db6f14b3d535

COCOAPODS: 1.6.1
